
Microsoft Visual Studio Solution File, Format Version 12.00
# Visual Studio Version 16
VisualStudioVersion = 16.0.31702.278
MinimumVisualStudioVersion = 10.0.40219.1
Project("{9A19103F-16F7-4668-BE54-9A1E7A4F7556}") = "TodoListAPI", "TodoListAPI\TodoListAPI.csproj", "{4A692CD6-A446-48FE-9C51-181FD0F009F2}"
EndProject
Project("{2150E333-8FDC-42A3-9474-1A3956D46DE8}") = "ScriptsSql", "ScriptsSql", "{1752912D-C000-45B8-956E-14C1795865F9}"
	ProjectSection(SolutionItems) = preProject
		ScriptSQL.sql = ScriptSQL.sql
	EndProjectSection
EndProject
Global
	GlobalSection(SolutionConfigurationPlatforms) = preSolution
		Debug|Any CPU = Debug|Any CPU
		Release|Any CPU = Release|Any CPU
	EndGlobalSection
	GlobalSection(ProjectConfigurationPlatforms) = postSolution
		{4A692CD6-A446-48FE-9C51-181FD0F009F2}.Debug|Any CPU.ActiveCfg = Debug|Any CPU
		{4A692CD6-A446-48FE-9C51-181FD0F009F2}.Debug|Any CPU.Build.0 = Debug|Any CPU
		{4A692CD6-A446-48FE-9C51-181FD0F009F2}.Release|Any CPU.ActiveCfg = Release|Any CPU
		{4A692CD6-A446-48FE-9C51-181FD0F009F2}.Release|Any CPU.Build.0 = Release|Any CPU
	EndGlobalSection
	GlobalSection(SolutionProperties) = preSolution
		HideSolutionNode = FALSE
	EndGlobalSection
	GlobalSection(ExtensibilityGlobals) = postSolution
		SolutionGuid = {0A675060-72AD-44B3-BB5F-C734A8DDDA65}
	EndGlobalSection
EndGlobal
